
Microsoft Visual Studio Solution File, Format Version 12.00
# Visual Studio Version 17
VisualStudioVersion = 17.11.35431.28
MinimumVisualStudioVersion = 10.0.40219.1
Project("{FAE04EC0-301F-11D3-BF4B-00C04F79EFBC}") = "Dziedziczenie", "Dziedziczenie\Dziedziczenie.csproj", "{B7824135-9D4B-47C5-9909-66412871AAEA}"
EndProject
Global
	GlobalSection(SolutionConfigurationPlatforms) = preSolution
		Debug|Any CPU = Debug|Any CPU
		Release|Any CPU = Release|Any CPU
	EndGlobalSection
	GlobalSection(ProjectConfigurationPlatforms) = postSolution
		{B7824135-9D4B-47C5-9909-66412871AAEA}.Debug|Any CPU.ActiveCfg = Debug|Any CPU
		{B7824135-9D4B-47C5-9909-66412871AAEA}.Debug|Any CPU.Build.0 = Debug|Any CPU
		{B7824135-9D4B-47C5-9909-66412871AAEA}.Release|Any CPU.ActiveCfg = Release|Any CPU
		{B7824135-9D4B-47C5-9909-66412871AAEA}.Release|Any CPU.Build.0 = Release|Any CPU
	EndGlobalSection
	GlobalSection(SolutionProperties) = preSolution
		HideSolutionNode = FALSE
	EndGlobalSection
	GlobalSection(ExtensibilityGlobals) = postSolution
		SolutionGuid = {1DEC744F-BDDD-4017-88E0-892EBCAC8C48}
	EndGlobalSection
EndGlobal
